// !$*UTF8*$!
{
	archiveVersion = 1;
	classes = {
	};
	objectVersion = 46;
	objects = {

/* Begin PBXBuildFile section */
		E9FAD39F188ECB8900566F9F /* Foundation.framework in Frameworks */ = {isa = PBXBuildFile; fileRef = E9FAD39E188ECB8900566F9F /* Foundation.framework */; };
		E9FAD3A1188ECB8900566F9F /* CoreGraphics.framework in Frameworks */ = {isa = PBXBuildFile; fileRef = E9FAD3A0188ECB8900566F9F /* CoreGraphics.framework */; };
		E9FAD3A3188ECB8900566F9F /* UIKit.framework in Frameworks */ = {isa = PBXBuildFile; fileRef = E9FAD3A2188ECB8900566F9F /* UIKit.framework */; };
		E9FAD3A9188ECB8900566F9F /* InfoPlist.strings in Resources */ = {isa = PBXBuildFile; fileRef = E9FAD3A7188ECB8900566F9F /* InfoPlist.strings */; };
		E9FAD3AB188ECB8900566F9F /* main.m in Sources */ = {isa = PBXBuildFile; fileRef = E9FAD3AA188ECB8900566F9F /* main.m */; };
		E9FAD3AF188ECB8900566F9F /* AppDelegate.m in Sources */ = {isa = PBXBuildFile; fileRef = E9FAD3AE188ECB8900566F9F /* AppDelegate.m */; };
		E9FAD3B2188ECB8900566F9F /* Main.storyboard in Resources */ = {isa = PBXBuildFile; fileRef = E9FAD3B0188ECB8900566F9F /* Main.storyboard */; };
		E9FAD3B5188ECB8900566F9F /* ViewController.m in Sources */ = {isa = PBXBuildFile; fileRef = E9FAD3B4188ECB8900566F9F /* ViewController.m */; };
		E9FAD3B7188ECB8900566F9F /* Images.xcassets in Resources */ = {isa = PBXBuildFile; fileRef = E9FAD3B6188ECB8900566F9F /* Images.xcassets */; };
		E9FAD3BE188ECB8900566F9F /* XCTest.framework in Frameworks */ = {isa = PBXBuildFile; fileRef = E9FAD3BD188ECB8900566F9F /* XCTest.framework */; };
		E9FAD3BF188ECB8900566F9F /* Foundation.framework in Frameworks */ = {isa = PBXBuildFile; fileRef = E9FAD39E188ECB8900566F9F /* Foundation.framework */; };
		E9FAD3C0188ECB8900566F9F /* UIKit.framework in Frameworks */ = {isa = PBXBuildFile; fileRef = E9FAD3A2188ECB8900566F9F /* UIKit.framework */; };
		E9FAD3C8188ECB8900566F9F /* InfoPlist.strings in Resources */ = {isa = PBXBuildFile; fileRef = E9FAD3C6188ECB8900566F9F /* InfoPlist.strings */; };
		E9FAD3CA188ECB8900566F9F /* NaniTests.m in Sources */ = {isa = PBXBuildFile; fileRef = E9FAD3C9188ECB8900566F9F /* NaniTests.m */; };
		E9FAD3D4188ECD0000566F9F /* Parse.framework in Frameworks */ = {isa = PBXBuildFile; fileRef = E9FAD3D3188ECD0000566F9F /* Parse.framework */; };
		E9FAD3D6188ECF3F00566F9F /* AudioToolbox.framework in Frameworks */ = {isa = PBXBuildFile; fileRef = E9FAD3D5188ECF3F00566F9F /* AudioToolbox.framework */; };
		E9FAD3D8188ECF5300566F9F /* Accounts.framework in Frameworks */ = {isa = PBXBuildFile; fileRef = E9FAD3D7188ECF5300566F9F /* Accounts.framework */; };
		E9FAD3DA188ECF5A00566F9F /* AdSupport.framework in Frameworks */ = {isa = PBXBuildFile; fileRef = E9FAD3D9188ECF5A00566F9F /* AdSupport.framework */; };
		E9FAD3DC188ECF6100566F9F /* CFNetwork.framework in Frameworks */ = {isa = PBXBuildFile; fileRef = E9FAD3DB188ECF6100566F9F /* CFNetwork.framework */; };
		E9FAD3DE188ECF7000566F9F /* CoreLocation.framework in Frameworks */ = {isa = PBXBuildFile; fileRef = E9FAD3DD188ECF7000566F9F /* CoreLocation.framework */; };
		E9FAD3E0188ECF7C00566F9F /* libsqlite3.dylib in Frameworks */ = {isa = PBXBuildFile; fileRef = E9FAD3DF188ECF7C00566F9F /* libsqlite3.dylib */; };
		E9FAD3E2188ECF8A00566F9F /* libz.1.1.3.dylib in Frameworks */ = {isa = PBXBuildFile; fileRef = E9FAD3E1188ECF8A00566F9F /* libz.1.1.3.dylib */; };
		E9FAD3E4188ECF9100566F9F /* MobileCoreServices.framework in Frameworks */ = {isa = PBXBuildFile; fileRef = E9FAD3E3188ECF9100566F9F /* MobileCoreServices.framework */; };
		E9FAD3E6188ECF9700566F9F /* QuartzCore.framework in Frameworks */ = {isa = PBXBuildFile; fileRef = E9FAD3E5188ECF9700566F9F /* QuartzCore.framework */; };
		E9FAD3E8188ECF9E00566F9F /* Security.framework in Frameworks */ = {isa = PBXBuildFile; fileRef = E9FAD3E7188ECF9E00566F9F /* Security.framework */; };
		E9FAD3EA188ECFA600566F9F /* Social.framework in Frameworks */ = {isa = PBXBuildFile; fileRef = E9FAD3E9188ECFA600566F9F /* Social.framework */; };
		E9FAD3EC188ECFAC00566F9F /* StoreKit.framework in Frameworks */ = {isa = PBXBuildFile; fileRef = E9FAD3EB188ECFAC00566F9F /* StoreKit.framework */; };
		E9FAD3EE188ECFB400566F9F /* SystemConfiguration.framework in Frameworks */ = {isa = PBXBuildFile; fileRef = E9FAD3ED188ECFB400566F9F /* SystemConfiguration.framework */; };
		E9FAD3F0188FD07700566F9F /* Leather_Wallet_iPhone_Case_H_Cognac-glass-background.jpg in Resources */ = {isa = PBXBuildFile; fileRef = E9FAD3EF188FD07700566F9F /* Leather_Wallet_iPhone_Case_H_Cognac-glass-background.jpg */; };
/* End PBXBuildFile section */

/* Begin PBXContainerItemProxy section */
		E9FAD3C1188ECB8900566F9F /* PBXContainerItemProxy */ = {
			isa = PBXContainerItemProxy;
			containerPortal = E9FAD393188ECB8900566F9F /* Project object */;
			proxyType = 1;
			remoteGlobalIDString = E9FAD39A188ECB8900566F9F;
			remoteInfo = Nani;
		};
/* End PBXContainerItemProxy section */

/* Begin PBXFileReference section */
		E9FAD39B188ECB8900566F9F /* Nani.app */ = {isa = PBXFileReference; explicitFileType = wrapper.application; includeInIndex = 0; path = Nani.app; sourceTree = BUILT_PRODUCTS_DIR; };
		E9FAD39E188ECB8900566F9F /* Foundation.framework */ = {isa = PBXFileReference; lastKnownFileType = wrapper.framework; name = Foundation.framework; path = System/Library/Frameworks/Foundation.framework; sourceTree = SDKROOT; };
		E9FAD3A0188ECB8900566F9F /* CoreGraphics.framework */ = {isa = PBXFileReference; lastKnownFileType = wrapper.framework; name = CoreGraphics.framework; path = System/Library/Frameworks/CoreGraphics.framework; sourceTree = SDKROOT; };
		E9FAD3A2188ECB8900566F9F /* UIKit.framework */ = {isa = PBXFileReference; lastKnownFileType = wrapper.framework; name = UIKit.framework; path = System/Library/Frameworks/UIKit.framework; sourceTree = SDKROOT; };
		E9FAD3A6188ECB8900566F9F /* Nani-Info.plist */ = {isa = PBXFileReference; lastKnownFileType = text.plist.xml; path = "Nani-Info.plist"; sourceTree = "<group>"; };
		E9FAD3A8188ECB8900566F9F /* en */ = {isa = PBXFileReference; lastKnownFileType = text.plist.strings; name = en; path = en.lproj/InfoPlist.strings; sourceTree = "<group>"; };
		E9FAD3AA188ECB8900566F9F /* main.m */ = {isa = PBXFileReference; lastKnownFileType = sourcecode.c.objc; path = main.m; sourceTree = "<group>"; };
		E9FAD3AC188ECB8900566F9F /* Nani-Prefix.pch */ = {isa = PBXFileReference; lastKnownFileType = sourcecode.c.h; path = "Nani-Prefix.pch"; sourceTree = "<group>"; };
		E9FAD3AD188ECB8900566F9F /* AppDelegate.h */ = {isa = PBXFileReference; lastKnownFileType = sourcecode.c.h; path = AppDelegate.h; sourceTree = "<group>"; };
		E9FAD3AE188ECB8900566F9F /* AppDelegate.m */ = {isa = PBXFileReference; lastKnownFileType = sourcecode.c.objc; path = AppDelegate.m; sourceTree = "<group>"; };
		E9FAD3B1188ECB8900566F9F /* Base */ = {isa = PBXFileReference; lastKnownFileType = file.storyboard; name = Base; path = Base.lproj/Main.storyboard; sourceTree = "<group>"; };
		E9FAD3B3188ECB8900566F9F /* ViewController.h */ = {isa = PBXFileReference; lastKnownFileType = sourcecode.c.h; path = ViewController.h; sourceTree = "<group>"; };
		E9FAD3B4188ECB8900566F9F /* ViewController.m */ = {isa = PBXFileReference; lastKnownFileType = sourcecode.c.objc; path = ViewController.m; sourceTree = "<group>"; };
		E9FAD3B6188ECB8900566F9F /* Images.xcassets */ = {isa = PBXFileReference; lastKnownFileType = folder.assetcatalog; path = Images.xcassets; sourceTree = "<group>"; };
		E9FAD3BC188ECB8900566F9F /* NaniTests.xctest */ = {isa = PBXFileReference; explicitFileType = wrapper.cfbundle; includeInIndex = 0; path = NaniTests.xctest; sourceTree = BUILT_PRODUCTS_DIR; };
		E9FAD3BD188ECB8900566F9F /* XCTest.framework */ = {isa = PBXFileReference; lastKnownFileType = wrapper.framework; name = XCTest.framework; path = Library/Frameworks/XCTest.framework; sourceTree = DEVELOPER_DIR; };
		E9FAD3C5188ECB8900566F9F /* NaniTests-Info.plist */ = {isa = PBXFileReference; lastKnownFileType = text.plist.xml; path = "NaniTests-Info.plist"; sourceTree = "<group>"; };
		E9FAD3C7188ECB8900566F9F /* en */ = {isa = PBXFileReference; lastKnownFileType = text.plist.strings; name = en; path = en.lproj/InfoPlist.strings; sourceTree = "<group>"; };
		E9FAD3C9188ECB8900566F9F /* NaniTests.m */ = {isa = PBXFileReference; lastKnownFileType = sourcecode.c.objc; path = NaniTests.m; sourceTree = "<group>"; };
		E9FAD3D3188ECD0000566F9F /* Parse.framework */ = {isa = PBXFileReference; lastKnownFileType = wrapper.framework; path = Parse.framework; sourceTree = "<group>"; };
		E9FAD3D5188ECF3F00566F9F /* AudioToolbox.framework */ = {isa = PBXFileReference; lastKnownFileType = wrapper.framework; name = AudioToolbox.framework; path = System/Library/Frameworks/AudioToolbox.framework; sourceTree = SDKROOT; };
		E9FAD3D7188ECF5300566F9F /* Accounts.framework */ = {isa = PBXFileReference; lastKnownFileType = wrapper.framework; name = Accounts.framework; path = System/Library/Frameworks/Accounts.framework; sourceTree = SDKROOT; };
		E9FAD3D9188ECF5A00566F9F /* AdSupport.framework */ = {isa = PBXFileReference; lastKnownFileType = wrapper.framework; name = AdSupport.framework; path = System/Library/Frameworks/AdSupport.framework; sourceTree = SDKROOT; };
		E9FAD3DB188ECF6100566F9F /* CFNetwork.framework */ = {isa = PBXFileReference; lastKnownFileType = wrapper.framework; name = CFNetwork.framework; path = System/Library/Frameworks/CFNetwork.framework; sourceTree = SDKROOT; };
		E9FAD3DD188ECF7000566F9F /* CoreLocation.framework */ = {isa = PBXFileReference; lastKnownFileType = wrapper.framework; name = CoreLocation.framework; path = System/Library/Frameworks/CoreLocation.framework; sourceTree = SDKROOT; };
		E9FAD3DF188ECF7C00566F9F /* libsqlite3.dylib */ = {isa = PBXFileReference; lastKnownFileType = "compiled.mach-o.dylib"; name = libsqlite3.dylib; path = usr/lib/libsqlite3.dylib; sourceTree = SDKROOT; };
		E9FAD3E1188ECF8A00566F9F /* libz.1.1.3.dylib */ = {isa = PBXFileReference; lastKnownFileType = "compiled.mach-o.dylib"; name = libz.1.1.3.dylib; path = usr/lib/libz.1.1.3.dylib; sourceTree = SDKROOT; };
		E9FAD3E3188ECF9100566F9F /* MobileCoreServices.framework */ = {isa = PBXFileReference; lastKnownFileType = wrapper.framework; name = MobileCoreServices.framework; path = System/Library/Frameworks/MobileCoreServices.framework; sourceTree = SDKROOT; };
		E9FAD3E5188ECF9700566F9F /* QuartzCore.framework */ = {isa = PBXFileReference; lastKnownFileType = wrapper.framework; name = QuartzCore.framework; path = System/Library/Frameworks/QuartzCore.framework; sourceTree = SDKROOT; };
		E9FAD3E7188ECF9E00566F9F /* Security.framework */ = {isa = PBXFileReference; lastKnownFileType = wrapper.framework; name = Security.framework; path = System/Library/Frameworks/Security.framework; sourceTree = SDKROOT; };
		E9FAD3E9188ECFA600566F9F /* Social.framework */ = {isa = PBXFileReference; lastKnownFileType = wrapper.framework; name = Social.framework; path = System/Library/Frameworks/Social.framework; sourceTree = SDKROOT; };
		E9FAD3EB188ECFAC00566F9F /* StoreKit.framework */ = {isa = PBXFileReference; lastKnownFileType = wrapper.framework; name = StoreKit.framework; path = System/Library/Frameworks/StoreKit.framework; sourceTree = SDKROOT; };
		E9FAD3ED188ECFB400566F9F /* SystemConfiguration.framework */ = {isa = PBXFileReference; lastKnownFileType = wrapper.framework; name = SystemConfiguration.framework; path = System/Library/Frameworks/SystemConfiguration.framework; sourceTree = SDKROOT; };
		E9FAD3EF188FD07700566F9F /* Leather_Wallet_iPhone_Case_H_Cognac-glass-background.jpg */ = {isa = PBXFileReference; lastKnownFileType = image.jpeg; path = "Leather_Wallet_iPhone_Case_H_Cognac-glass-background.jpg"; sourceTree = "<group>"; };
/* End PBXFileReference section */

/* Begin PBXFrameworksBuildPhase section */
		E9FAD398188ECB8900566F9F /* Frameworks */ = {
			isa = PBXFrameworksBuildPhase;
			buildActionMask = 2147483647;
			files = (
				E9FAD3EE188ECFB400566F9F /* SystemConfiguration.framework in Frameworks */,
				E9FAD3EC188ECFAC00566F9F /* StoreKit.framework in Frameworks */,
				E9FAD3EA188ECFA600566F9F /* Social.framework in Frameworks */,
				E9FAD3E8188ECF9E00566F9F /* Security.framework in Frameworks */,
				E9FAD3E6188ECF9700566F9F /* QuartzCore.framework in Frameworks */,
				E9FAD3E4188ECF9100566F9F /* MobileCoreServices.framework in Frameworks */,
				E9FAD3E2188ECF8A00566F9F /* libz.1.1.3.dylib in Frameworks */,
				E9FAD3E0188ECF7C00566F9F /* libsqlite3.dylib in Frameworks */,
				E9FAD3DE188ECF7000566F9F /* CoreLocation.framework in Frameworks */,
				E9FAD3A1188ECB8900566F9F /* CoreGraphics.framework in Frameworks */,
				E9FAD3DC188ECF6100566F9F /* CFNetwork.framework in Frameworks */,
				E9FAD3DA188ECF5A00566F9F /* AdSupport.framework in Frameworks */,
				E9FAD3D8188ECF5300566F9F /* Accounts.framework in Frameworks */,
				E9FAD3D6188ECF3F00566F9F /* AudioToolbox.framework in Frameworks */,
				E9FAD3A3188ECB8900566F9F /* UIKit.framework in Frameworks */,
				E9FAD3D4188ECD0000566F9F /* Parse.framework in Frameworks */,
				E9FAD39F188ECB8900566F9F /* Foundation.framework in Frameworks */,
			);
			runOnlyForDeploymentPostprocessing = 0;
		};
		E9FAD3B9188ECB8900566F9F /* Frameworks */ = {
			isa = PBXFrameworksBuildPhase;
			buildActionMask = 2147483647;
			files = (
				E9FAD3BE188ECB8900566F9F /* XCTest.framework in Frameworks */,
				E9FAD3C0188ECB8900566F9F /* UIKit.framework in Frameworks */,
				E9FAD3BF188ECB8900566F9F /* Foundation.framework in Frameworks */,
			);
			runOnlyForDeploymentPostprocessing = 0;
		};
/* End PBXFrameworksBuildPhase section */

/* Begin PBXGroup section */
		E9FAD392188ECB8900566F9F = {
			isa = PBXGroup;
			children = (
				E9FAD3D3188ECD0000566F9F /* Parse.framework */,
				E9FAD3A4188ECB8900566F9F /* Nani */,
				E9FAD3C3188ECB8900566F9F /* NaniTests */,
				E9FAD39D188ECB8900566F9F /* Frameworks */,
				E9FAD39C188ECB8900566F9F /* Products */,
			);
			sourceTree = "<group>";
		};
		E9FAD39C188ECB8900566F9F /* Products */ = {
			isa = PBXGroup;
			children = (
				E9FAD39B188ECB8900566F9F /* Nani.app */,
				E9FAD3BC188ECB8900566F9F /* NaniTests.xctest */,
			);
			name = Products;
			sourceTree = "<group>";
		};
		E9FAD39D188ECB8900566F9F /* Frameworks */ = {
			isa = PBXGroup;
			children = (
				E9FAD3ED188ECFB400566F9F /* SystemConfiguration.framework */,
				E9FAD3EB188ECFAC00566F9F /* StoreKit.framework */,
				E9FAD3E9188ECFA600566F9F /* Social.framework */,
				E9FAD3E7188ECF9E00566F9F /* Security.framework */,
				E9FAD3E5188ECF9700566F9F /* QuartzCore.framework */,
				E9FAD3E3188ECF9100566F9F /* MobileCoreServices.framework */,
				E9FAD3E1188ECF8A00566F9F /* libz.1.1.3.dylib */,
				E9FAD3DF188ECF7C00566F9F /* libsqlite3.dylib */,
				E9FAD3DD188ECF7000566F9F /* CoreLocation.framework */,
				E9FAD3DB188ECF6100566F9F /* CFNetwork.framework */,
				E9FAD3D9188ECF5A00566F9F /* AdSupport.framework */,
				E9FAD3D7188ECF5300566F9F /* Accounts.framework */,
				E9FAD3D5188ECF3F00566F9F /* AudioToolbox.framework */,
				E9FAD39E188ECB8900566F9F /* Foundation.framework */,
				E9FAD3A0188ECB8900566F9F /* CoreGraphics.framework */,
				E9FAD3A2188ECB8900566F9F /* UIKit.framework */,
				E9FAD3BD188ECB8900566F9F /* XCTest.framework */,
			);
			name = Frameworks;
			sourceTree = "<group>";
		};
		E9FAD3A4188ECB8900566F9F /* Nani */ = {
			isa = PBXGroup;
			children = (
				E9FAD3F2188FDED600566F9F /* Controllers */,
				E9FAD3F1188FDEC600566F9F /* Assetes */,
				E9FAD3AD188ECB8900566F9F /* AppDelegate.h */,
				E9FAD3AE188ECB8900566F9F /* AppDelegate.m */,
				E9FAD3B0188ECB8900566F9F /* Main.storyboard */,
				E9FAD3B6188ECB8900566F9F /* Images.xcassets */,
				E9FAD3A5188ECB8900566F9F /* Supporting Files */,
			);
			path = Nani;
			sourceTree = "<group>";
		};
		E9FAD3A5188ECB8900566F9F /* Supporting Files */ = {
			isa = PBXGroup;
			children = (
				E9FAD3A6188ECB8900566F9F /* Nani-Info.plist */,
				E9FAD3A7188ECB8900566F9F /* InfoPlist.strings */,
				E9FAD3AA188ECB8900566F9F /* main.m */,
				E9FAD3AC188ECB8900566F9F /* Nani-Prefix.pch */,
			);
			name = "Supporting Files";
			sourceTree = "<group>";
		};
		E9FAD3C3188ECB8900566F9F /* NaniTests */ = {
			isa = PBXGroup;
			children = (
				E9FAD3C9188ECB8900566F9F /* NaniTests.m */,
				E9FAD3C4188ECB8900566F9F /* Supporting Files */,
			);
			path = NaniTests;
			sourceTree = "<group>";
		};
		E9FAD3C4188ECB8900566F9F /* Supporting Files */ = {
			isa = PBXGroup;
			children = (
				E9FAD3C5188ECB8900566F9F /* NaniTests-Info.plist */,
				E9FAD3C6188ECB8900566F9F /* InfoPlist.strings */,
			);
			name = "Supporting Files";
			sourceTree = "<group>";
		};
		E9FAD3F1188FDEC600566F9F /* Assetes */ = {
			isa = PBXGroup;
			children = (
				E9FAD3EF188FD07700566F9F /* Leather_Wallet_iPhone_Case_H_Cognac-glass-background.jpg */,
			);
			name = Assetes;
			sourceTree = "<group>";
		};
		E9FAD3F2188FDED600566F9F /* Controllers */ = {
			isa = PBXGroup;
			children = (
				E9FAD3B3188ECB8900566F9F /* ViewController.h */,
				E9FAD3B4188ECB8900566F9F /* ViewController.m */,
			);
			name = Controllers;
			sourceTree = "<group>";
		};
/* End PBXGroup section */

/* Begin PBXNativeTarget section */
		E9FAD39A188ECB8900566F9F /* Nani */ = {
			isa = PBXNativeTarget;
			buildConfigurationList = E9FAD3CD188ECB8900566F9F /* Build configuration list for PBXNativeTarget "Nani" */;
			buildPhases = (
				E9FAD397188ECB8900566F9F /* Sources */,
				E9FAD398188ECB8900566F9F /* Frameworks */,
				E9FAD399188ECB8900566F9F /* Resources */,
			);
			buildRules = (
			);
			dependencies = (
			);
			name = Nani;
			productName = Nani;
			productReference = E9FAD39B188ECB8900566F9F /* Nani.app */;
			productType = "com.apple.product-type.application";
		};
		E9FAD3BB188ECB8900566F9F /* NaniTests */ = {
			isa = PBXNativeTarget;
			buildConfigurationList = E9FAD3D0188ECB8900566F9F /* Build configuration list for PBXNativeTarget "NaniTests" */;
			buildPhases = (
				E9FAD3B8188ECB8900566F9F /* Sources */,
				E9FAD3B9188ECB8900566F9F /* Frameworks */,
				E9FAD3BA188ECB8900566F9F /* Resources */,
			);
			buildRules = (
			);
			dependencies = (
				E9FAD3C2188ECB8900566F9F /* PBXTargetDependency */,
			);
			name = NaniTests;
			productName = NaniTests;
			productReference = E9FAD3BC188ECB8900566F9F /* NaniTests.xctest */;
			productType = "com.apple.product-type.bundle.unit-test";
		};
/* End PBXNativeTarget section */

/* Begin PBXProject section */
		E9FAD393188ECB8900566F9F /* Project object */ = {
			isa = PBXProject;
			attributes = {
				LastUpgradeCheck = 0500;
				ORGANIZATIONNAME = "Pawel Ferens";
				TargetAttributes = {
					E9FAD39A188ECB8900566F9F = {
						DevelopmentTeam = CMAH3J6A6N;
					};
					E9FAD3BB188ECB8900566F9F = {
						TestTargetID = E9FAD39A188ECB8900566F9F;
					};
				};
			};
			buildConfigurationList = E9FAD396188ECB8900566F9F /* Build configuration list for PBXProject "Nani" */;
			compatibilityVersion = "Xcode 3.2";
			developmentRegion = English;
			hasScannedForEncodings = 0;
			knownRegions = (
				en,
				Base,
			);
			mainGroup = E9FAD392188ECB8900566F9F;
			productRefGroup = E9FAD39C188ECB8900566F9F /* Products */;
			projectDirPath = "";
			projectRoot = "";
			targets = (
				E9FAD39A188ECB8900566F9F /* Nani */,
				E9FAD3BB188ECB8900566F9F /* NaniTests */,
			);
		};
/* End PBXProject section */

/* Begin PBXResourcesBuildPhase section */
		E9FAD399188ECB8900566F9F /* Resources */ = {
			isa = PBXResourcesBuildPhase;
			buildActionMask = 2147483647;
			files = (
				E9FAD3B7188ECB8900566F9F /* Images.xcassets in Resources */,
				E9FAD3A9188ECB8900566F9F /* InfoPlist.strings in Resources */,
				E9FAD3F0188FD07700566F9F /* Leather_Wallet_iPhone_Case_H_Cognac-glass-background.jpg in Resources */,
				E9FAD3B2188ECB8900566F9F /* Main.storyboard in Resources */,
			);
			runOnlyForDeploymentPostprocessing = 0;
		};
		E9FAD3BA188ECB8900566F9F /* Resources */ = {
			isa = PBXResourcesBuildPhase;
			buildActionMask = 2147483647;
			files = (
				E9FAD3C8188ECB8900566F9F /* InfoPlist.strings in Resources */,
			);
			runOnlyForDeploymentPostprocessing = 0;
		};
/* End PBXResourcesBuildPhase section */

/* Begin PBXSourcesBuildPhase section */
		E9FAD397188ECB8900566F9F /* Sources */ = {
			isa = PBXSourcesBuildPhase;
			buildActionMask = 2147483647;
			files = (
				E9FAD3B5188ECB8900566F9F /* ViewController.m in Sources */,
				E9FAD3AF188ECB8900566F9F /* AppDelegate.m in Sources */,
				E9FAD3AB188ECB8900566F9F /* main.m in Sources */,
			);
			runOnlyForDeploymentPostprocessing = 0;
		};
		E9FAD3B8188ECB8900566F9F /* Sources */ = {
			isa = PBXSourcesBuildPhase;
			buildActionMask = 2147483647;
			files = (
				E9FAD3CA188ECB8900566F9F /* NaniTests.m in Sources */,
			);
			runOnlyForDeploymentPostprocessing = 0;
		};
/* End PBXSourcesBuildPhase section */

/* Begin PBXTargetDependency section */
		E9FAD3C2188ECB8900566F9F /* PBXTargetDependency */ = {
			isa = PBXTargetDependency;
			target = E9FAD39A188ECB8900566F9F /* Nani */;
			targetProxy = E9FAD3C1188ECB8900566F9F /* PBXContainerItemProxy */;
		};
/* End PBXTargetDependency section */

/* Begin PBXVariantGroup section */
		E9FAD3A7188ECB8900566F9F /* InfoPlist.strings */ = {
			isa = PBXVariantGroup;
			children = (
				E9FAD3A8188ECB8900566F9F /* en */,
			);
			name = InfoPlist.strings;
			sourceTree = "<group>";
		};
		E9FAD3B0188ECB8900566F9F /* Main.storyboard */ = {
			isa = PBXVariantGroup;
			children = (
				E9FAD3B1188ECB8900566F9F /* Base */,
			);
			name = Main.storyboard;
			sourceTree = "<group>";
		};
		E9FAD3C6188ECB8900566F9F /* InfoPlist.strings */ = {
			isa = PBXVariantGroup;
			children = (
				E9FAD3C7188ECB8900566F9F /* en */,
			);
			name = InfoPlist.strings;
			sourceTree = "<group>";
		};
/* End PBXVariantGroup section */

/* Begin XCBuildConfiguration section */
		E9FAD3CB188ECB8900566F9F /* Debug */ = {
			isa = XCBuildConfiguration;
			buildSettings = {
				ALWAYS_SEARCH_USER_PATHS = NO;
				ARCHS = "$(ARCHS_STANDARD_INCLUDING_64_BIT)";
				CLANG_CXX_LANGUAGE_STANDARD = "gnu++0x";
				CLANG_CXX_LIBRARY = "libc++";
				CLANG_ENABLE_MODULES = YES;
				CLANG_ENABLE_OBJC_ARC = YES;
				CLANG_WARN_BOOL_CONVERSION = YES;
				CLANG_WARN_CONSTANT_CONVERSION = YES;
				CLANG_WARN_DIRECT_OBJC_ISA_USAGE = YES_ERROR;
				CLANG_WARN_EMPTY_BODY = YES;
				CLANG_WARN_ENUM_CONVERSION = YES;
				CLANG_WARN_INT_CONVERSION = YES;
				CLANG_WARN_OBJC_ROOT_CLASS = YES_ERROR;
				CLANG_WARN__DUPLICATE_METHOD_MATCH = YES;
				"CODE_SIGN_IDENTITY[sdk=iphoneos*]" = "iPhone Developer";
				COPY_PHASE_STRIP = NO;
				GCC_C_LANGUAGE_STANDARD = gnu99;
				GCC_DYNAMIC_NO_PIC = NO;
				GCC_OPTIMIZATION_LEVEL = 0;
				GCC_PREPROCESSOR_DEFINITIONS = (
					"DEBUG=1",
					"$(inherited)",
				);
				GCC_SYMBOLS_PRIVATE_EXTERN = NO;
				GCC_WARN_64_TO_32_BIT_CONVERSION = YES;
				GCC_WARN_ABOUT_RETURN_TYPE = YES_ERROR;
				GCC_WARN_UNDECLARED_SELECTOR = YES;
				GCC_WARN_UNINITIALIZED_AUTOS = YES;
				GCC_WARN_UNUSED_FUNCTION = YES;
				GCC_WARN_UNUSED_VARIABLE = YES;
				IPHONEOS_DEPLOYMENT_TARGET = 7.0;
				ONLY_ACTIVE_ARCH = YES;
				SDKROOT = iphoneos;
			};
			name = Debug;
		};
		E9FAD3CC188ECB8900566F9F /* Release */ = {
			isa = XCBuildConfiguration;
			buildSettings = {
				ALWAYS_SEARCH_USER_PATHS = NO;
				ARCHS = "$(ARCHS_STANDARD_INCLUDING_64_BIT)";
				CLANG_CXX_LANGUAGE_STANDARD = "gnu++0x";
				CLANG_CXX_LIBRARY = "libc++";
				CLANG_ENABLE_MODULES = YES;
				CLANG_ENABLE_OBJC_ARC = YES;
				CLANG_WARN_BOOL_CONVERSION = YES;
				CLANG_WARN_CONSTANT_CONVERSION = YES;
				CLANG_WARN_DIRECT_OBJC_ISA_USAGE = YES_ERROR;
				CLANG_WARN_EMPTY_BODY = YES;
				CLANG_WARN_ENUM_CONVERSION = YES;
				CLANG_WARN_INT_CONVERSION = YES;
				CLANG_WARN_OBJC_ROOT_CLASS = YES_ERROR;
				CLANG_WARN__DUPLICATE_METHOD_MATCH = YES;
				"CODE_SIGN_IDENTITY[sdk=iphoneos*]" = "iPhone Developer";
				COPY_PHASE_STRIP = YES;
				ENABLE_NS_ASSERTIONS = NO;
				GCC_C_LANGUAGE_STANDARD = gnu99;
				GCC_WARN_64_TO_32_BIT_CONVERSION = YES;
				GCC_WARN_ABOUT_RETURN_TYPE = YES_ERROR;
				GCC_WARN_UNDECLARED_SELECTOR = YES;
				GCC_WARN_UNINITIALIZED_AUTOS = YES;
				GCC_WARN_UNUSED_FUNCTION = YES;
				GCC_WARN_UNUSED_VARIABLE = YES;
				IPHONEOS_DEPLOYMENT_TARGET = 7.0;
				SDKROOT = iphoneos;
				VALIDATE_PRODUCT = YES;
			};
			name = Release;
		};
		E9FAD3CE188ECB8900566F9F /* Debug */ = {
			isa = XCBuildConfiguration;
			buildSettings = {
				ASSETCATALOG_COMPILER_APPICON_NAME = AppIcon;
				ASSETCATALOG_COMPILER_LAUNCHIMAGE_NAME = LaunchImage;
				CODE_SIGN_IDENTITY = "iPhone Developer";
				"CODE_SIGN_IDENTITY[sdk=iphoneos*]" = "iPhone Developer";
				FRAMEWORK_SEARCH_PATHS = (
					"$(inherited)",
					/Users/pferens/Documents/XCodeProjects/Nani,
				);
				GCC_PRECOMPILE_PREFIX_HEADER = YES;
				GCC_PREFIX_HEADER = "Nani/Nani-Prefix.pch";
				INFOPLIST_FILE = "Nani/Nani-Info.plist";
				PRODUCT_NAME = "$(TARGET_NAME)";
				PROVISIONING_PROFILE = "";
				WRAPPER_EXTENSION = app;
			};
			name = Debug;
		};
		E9FAD3CF188ECB8900566F9F /* Release */ = {
			isa = XCBuildConfiguration;
			buildSettings = {
				ASSETCATALOG_COMPILER_APPICON_NAME = AppIcon;
				ASSETCATALOG_COMPILER_LAUNCHIMAGE_NAME = LaunchImage;
				CODE_SIGN_IDENTITY = "iPhone Developer";
				"CODE_SIGN_IDENTITY[sdk=iphoneos*]" = "iPhone Developer";
				FRAMEWORK_SEARCH_PATHS = (
					"$(inherited)",
					/Users/pferens/Documents/XCodeProjects/Nani,
				);
				GCC_PRECOMPILE_PREFIX_HEADER = YES;
				GCC_PREFIX_HEADER = "Nani/Nani-Prefix.pch";
				INFOPLIST_FILE = "Nani/Nani-Info.plist";
				PRODUCT_NAME = "$(TARGET_NAME)";
				PROVISIONING_PROFILE = "";
				WRAPPER_EXTENSION = app;
			};
			name = Release;
		};
		E9FAD3D1188ECB8900566F9F /* Debug */ = {
			isa = XCBuildConfiguration;
			buildSettings = {
				ARCHS = "$(ARCHS_STANDARD_INCLUDING_64_BIT)";
				BUNDLE_LOADER = "$(BUILT_PRODUCTS_DIR)/Nani.app/Nani";
				FRAMEWORK_SEARCH_PATHS = (
					"$(SDKROOT)/Developer/Library/Frameworks",
					"$(inherited)",
					"$(DEVELOPER_FRAMEWORKS_DIR)",
				);
				GCC_PRECOMPILE_PREFIX_HEADER = YES;
				GCC_PREFIX_HEADER = "Nani/Nani-Prefix.pch";
				GCC_PREPROCESSOR_DEFINITIONS = (
					"DEBUG=1",
					"$(inherited)",
				);
				INFOPLIST_FILE = "NaniTests/NaniTests-Info.plist";
				PRODUCT_NAME = "$(TARGET_NAME)";
				TEST_HOST = "$(BUNDLE_LOADER)";
				WRAPPER_EXTENSION = xctest;
			};
			name = Debug;
		};
		E9FAD3D2188ECB8900566F9F /* Release */ = {
			isa = XCBuildConfiguration;
			buildSettings = {
				ARCHS = "$(ARCHS_STANDARD_INCLUDING_64_BIT)";
				BUNDLE_LOADER = "$(BUILT_PRODUCTS_DIR)/Nani.app/Nani";
				FRAMEWORK_SEARCH_PATHS = (
					"$(SDKROOT)/Developer/Library/Frameworks",
					"$(inherited)",
					"$(DEVELOPER_FRAMEWORKS_DIR)",
				);
				GCC_PRECOMPILE_PREFIX_HEADER = YES;
				GCC_PREFIX_HEADER = "Nani/Nani-Prefix.pch";
				INFOPLIST_FILE = "NaniTests/NaniTests-Info.plist";
				PRODUCT_NAME = "$(TARGET_NAME)";
				TEST_HOST = "$(BUNDLE_LOADER)";
				WRAPPER_EXTENSION = xctest;
			};
			name = Release;
		};
/* End XCBuildConfiguration section */

/* Begin XCConfigurationList section */
		E9FAD396188ECB8900566F9F /* Build configuration list for PBXProject "Nani" */ = {
			isa = XCConfigurationList;
			buildConfigurations = (
				E9FAD3CB188ECB8900566F9F /* Debug */,
				E9FAD3CC188ECB8900566F9F /* Release */,
			);
			defaultConfigurationIsVisible = 0;
			defaultConfigurationName = Release;
		};
		E9FAD3CD188ECB8900566F9F /* Build configuration list for PBXNativeTarget "Nani" */ = {
			isa = XCConfigurationList;
			buildConfigurations = (
				E9FAD3CE188ECB8900566F9F /* Debug */,
				E9FAD3CF188ECB8900566F9F /* Release */,
			);
			defaultConfigurationIsVisible = 0;
			defaultConfigurationName = Release;
		};
		E9FAD3D0188ECB8900566F9F /* Build configuration list for PBXNativeTarget "NaniTests" */ = {
			isa = XCConfigurationList;
			buildConfigurations = (
				E9FAD3D1188ECB8900566F9F /* Debug */,
				E9FAD3D2188ECB8900566F9F /* Release */,
			);
			defaultConfigurationIsVisible = 0;
			defaultConfigurationName = Release;
		};
/* End XCConfigurationList section */
	};
	rootObject = E9FAD393188ECB8900566F9F /* Project object */;
}
